Microsoft Visual Studio Solution File, Format Version 11.00
# Visual Studio 2008

Project("{83A48F97-A2E9-58DB-ABD4-E1729AC4FF99}") = "crownforklifts", "Assembly-CSharp-firstpass.csproj", "{A064E9B6-FC70-451D-1DAB-91AD166282A7}"
EndProject
Project("{83A48F97-A2E9-58DB-ABD4-E1729AC4FF99}") = "crownforklifts", "Assembly-CSharp.csproj", "{3CD9FEEB-05E7-C297-7F61-9E27F7371E40}"
EndProject
Project("{83A48F97-A2E9-58DB-ABD4-E1729AC4FF99}") = "crownforklifts", "Assembly-CSharp-Editor.csproj", "{A56A1A89-41B3-9679-ADE5-90C55F49450C}"
EndProject
Project("{83A48F97-A2E9-58DB-ABD4-E1729AC4FF99}") = "crownforklifts", "Assembly-UnityScript-firstpass.unityproj", "{D2DE596A-11BF-94F3-7D9B-FA68375E1FEF}"
EndProject
Project("{83A48F97-A2E9-58DB-ABD4-E1729AC4FF99}") = "crownforklifts", "Assembly-UnityScript.unityproj", "{3F5731F4-EE20-F559-3A7E-F8187436EF48}"
EndProject
Project("{83A48F97-A2E9-58DB-ABD4-E1729AC4FF99}") = "crownforklifts", "Assembly-UnityScript-Editor.unityproj", "{885A3813-6909-BA3E-8D9E-BAF008DE18B2}"
EndProject
Global
	GlobalSection(SolutionConfigurationPlatforms) = preSolution
		Debug|Any CPU = Debug|Any CPU
		Release|Any CPU = Release|Any CPU
	EndGlobalSection
	GlobalSection(ProjectConfigurationPlatforms) = postSolution
		{A064E9B6-FC70-451D-1DAB-91AD166282A7}.Debug|Any CPU.ActiveCfg = Debug|Any CPU
		{A064E9B6-FC70-451D-1DAB-91AD166282A7}.Debug|Any CPU.Build.0 = Debug|Any CPU
		{A064E9B6-FC70-451D-1DAB-91AD166282A7}.Release|Any CPU.ActiveCfg = Release|Any CPU
		{A064E9B6-FC70-451D-1DAB-91AD166282A7}.Release|Any CPU.Build.0 = Release|Any CPU
		{3CD9FEEB-05E7-C297-7F61-9E27F7371E40}.Debug|Any CPU.ActiveCfg = Debug|Any CPU
		{3CD9FEEB-05E7-C297-7F61-9E27F7371E40}.Debug|Any CPU.Build.0 = Debug|Any CPU
		{3CD9FEEB-05E7-C297-7F61-9E27F7371E40}.Release|Any CPU.ActiveCfg = Release|Any CPU
		{3CD9FEEB-05E7-C297-7F61-9E27F7371E40}.Release|Any CPU.Build.0 = Release|Any CPU
		{A56A1A89-41B3-9679-ADE5-90C55F49450C}.Debug|Any CPU.ActiveCfg = Debug|Any CPU
		{A56A1A89-41B3-9679-ADE5-90C55F49450C}.Debug|Any CPU.Build.0 = Debug|Any CPU
		{A56A1A89-41B3-9679-ADE5-90C55F49450C}.Release|Any CPU.ActiveCfg = Release|Any CPU
		{A56A1A89-41B3-9679-ADE5-90C55F49450C}.Release|Any CPU.Build.0 = Release|Any CPU
		{D2DE596A-11BF-94F3-7D9B-FA68375E1FEF}.Debug|Any CPU.ActiveCfg = Debug|Any CPU
		{D2DE596A-11BF-94F3-7D9B-FA68375E1FEF}.Debug|Any CPU.Build.0 = Debug|Any CPU
		{D2DE596A-11BF-94F3-7D9B-FA68375E1FEF}.Release|Any CPU.ActiveCfg = Release|Any CPU
		{D2DE596A-11BF-94F3-7D9B-FA68375E1FEF}.Release|Any CPU.Build.0 = Release|Any CPU
		{3F5731F4-EE20-F559-3A7E-F8187436EF48}.Debug|Any CPU.ActiveCfg = Debug|Any CPU
		{3F5731F4-EE20-F559-3A7E-F8187436EF48}.Debug|Any CPU.Build.0 = Debug|Any CPU
		{3F5731F4-EE20-F559-3A7E-F8187436EF48}.Release|Any CPU.ActiveCfg = Release|Any CPU
		{3F5731F4-EE20-F559-3A7E-F8187436EF48}.Release|Any CPU.Build.0 = Release|Any CPU
		{885A3813-6909-BA3E-8D9E-BAF008DE18B2}.Debug|Any CPU.ActiveCfg = Debug|Any CPU
		{885A3813-6909-BA3E-8D9E-BAF008DE18B2}.Debug|Any CPU.Build.0 = Debug|Any CPU
		{885A3813-6909-BA3E-8D9E-BAF008DE18B2}.Release|Any CPU.ActiveCfg = Release|Any CPU
		{885A3813-6909-BA3E-8D9E-BAF008DE18B2}.Release|Any CPU.Build.0 = Release|Any CPU
	EndGlobalSection
	GlobalSection(SolutionProperties) = preSolution
		HideSolutionNode = FALSE
	EndGlobalSection
																																																																																																																																																																																																																																																																																																																																																																																																																																																																																																																																																													GlobalSection(MonoDevelopProperties) = preSolution
=======
																																																																																																																																																																																																																																																																																																																																																																																																																																																																																																																GlobalSection(MonoDevelopProperties) = preSolution
>>>>>>> ad0b91b1f5ab77cac0d2a2e792a814b313f5f9e8
=======
																																																																																																																																																																																																																																																																																																																																																																																																																																																																																			GlobalSection(MonoDevelopProperties) = preSolution
>>>>>>> 46d78794bcda6aff986953d70f810bac41346b90
=======
																																																																																																																																																																																																																																																																						GlobalSection(MonoDevelopProperties) = preSolution
>>>>>>> 071ae8ff07b826cf7c4bb317ad99b823da692623
=======
																																																																																																																																						GlobalSection(MonoDevelopProperties) = preSolution
>>>>>>> e1c6cd658e8d137fb3c39fd5ad1d8272cd2e1045
=======
																																																																																																GlobalSection(MonoDevelopProperties) = preSolution
>>>>>>> 51d9ea71250f371d9a45bd2a01a54c7a4c0fea30
=======
																																																		GlobalSection(MonoDevelopProperties) = preSolution
>>>>>>> Stashed changes
		StartupItem = Assembly-CSharp.csproj
		Policies = $0
		$0.TextStylePolicy = $1
		$1.inheritsSet = null
		$1.scope = text/x-csharp
		$0.CSharpFormattingPolicy = $2
		$2.inheritsSet = Mono
		$2.inheritsScope = text/x-csharp
		$2.scope = text/x-csharp
		$0.TextStylePolicy = $3
		$3.FileWidth = 120
		$3.TabWidth = 4
		$3.EolMarker = Unix
		$3.inheritsSet = Mono
		$3.inheritsScope = text/plain
		$3.scope = text/plain
	EndGlobalSection

EndGlobal
